
Microsoft Visual Studio Solution File, Format Version 12.00
# Visual Studio Version 17
VisualStudioVersion = 17.9.34622.214
MinimumVisualStudioVersion = 10.0.40219.1
Project("{9A19103F-16F7-4668-BE54-9A1E7A4F7556}") = "Post-Service", "Post-Service\Post-Service.csproj", "{C8109096-A8F3-4391-8C96-38EF91D18660}"
EndProject
Project("{FAE04EC0-301F-11D3-BF4B-00C04F79EFBC}") = "Post-Service-Test", "Post-Service-Test\Post-Service-Test.csproj", "{13318600-524A-4A75-8C6A-A3D7AF8E1680}"
EndProject
Global
	GlobalSection(SolutionConfigurationPlatforms) = preSolution
		Debug|Any CPU = Debug|Any CPU
		Release|Any CPU = Release|Any CPU
	EndGlobalSection
	GlobalSection(ProjectConfigurationPlatforms) = postSolution
		{C8109096-A8F3-4391-8C96-38EF91D18660}.Debug|Any CPU.ActiveCfg = Debug|Any CPU
		{C8109096-A8F3-4391-8C96-38EF91D18660}.Debug|Any CPU.Build.0 = Debug|Any CPU
		{C8109096-A8F3-4391-8C96-38EF91D18660}.Release|Any CPU.ActiveCfg = Release|Any CPU
		{C8109096-A8F3-4391-8C96-38EF91D18660}.Release|Any CPU.Build.0 = Release|Any CPU
		{13318600-524A-4A75-8C6A-A3D7AF8E1680}.Debug|Any CPU.ActiveCfg = Debug|Any CPU
		{13318600-524A-4A75-8C6A-A3D7AF8E1680}.Debug|Any CPU.Build.0 = Debug|Any CPU
		{13318600-524A-4A75-8C6A-A3D7AF8E1680}.Release|Any CPU.ActiveCfg = Release|Any CPU
		{13318600-524A-4A75-8C6A-A3D7AF8E1680}.Release|Any CPU.Build.0 = Release|Any CPU
	EndGlobalSection
	GlobalSection(SolutionProperties) = preSolution
		HideSolutionNode = FALSE
	EndGlobalSection
	GlobalSection(ExtensibilityGlobals) = postSolution
		SolutionGuid = {BCFC7FB2-3675-4D53-85AB-10B120E38B56}
	EndGlobalSection
EndGlobal
